{
  "pins" : [
    {
      "identity" : "gsplayer",
      "kind" : "remoteSourceControl",
      "location" : "https://github.com/wxxsw/GSPlayer.git",
      "state" : {
        "revision" : "aa6dad7943d52f5207f7fcc2ad3e4274583443b8",
        "version" : "0.2.26"
      }
    },
    {
      "identity" : "kingfisher",
      "kind" : "remoteSourceControl",
      "location" : "https://github.com/onevcat/Kingfisher",
      "state" : {
        "revision" : "af4be924ad984cf4d16f4ae4df424e79a443d435",
        "version" : "7.6.2"
      }
    },
    {
      "identity" : "videoplayer",
      "kind" : "remoteSourceControl",
      "location" : "https://github.com/wxxsw/VideoPlayer",
      "state" : {
        "revision" : "73a30d2cc0b58e9a8e063b0333022dc636b45946",
        "version" : "1.1.6"
      }
    }
  ],
  "version" : 2
}
