// !$*UTF8*$!
{
	archiveVersion = 1;
	classes = {
	};
	objectVersion = 56;
	objects = {

/* Begin PBXBuildFile section */
		CD0148FA29BF275F00CCD19C /* Episode.swift in Sources */ = {isa = PBXBuildFile; fileRef = CD0148F929BF275F00CCD19C /* Episode.swift */; };
		CD0148FC29BF59D200CCD19C /* CustomTabSwitcherView.swift in Sources */ = {isa = PBXBuildFile; fileRef = CD0148FB29BF59D200CCD19C /* CustomTabSwitcherView.swift */; };
		CD0148FF29BF625400CCD19C /* MoreLikeThisView.swift in Sources */ = {isa = PBXBuildFile; fileRef = CD0148FE29BF625400CCD19C /* MoreLikeThisView.swift */; };
		CD01490329BF664800CCD19C /* Trailer.swift in Sources */ = {isa = PBXBuildFile; fileRef = CD01490229BF664800CCD19C /* Trailer.swift */; };
		CD01490529BF669100CCD19C /* SwiftUIVideoView.swift in Sources */ = {isa = PBXBuildFile; fileRef = CD01490429BF669100CCD19C /* SwiftUIVideoView.swift */; };
		CD01490829BF67FE00CCD19C /* VideoPreviewImageView.swift in Sources */ = {isa = PBXBuildFile; fileRef = CD01490729BF67FE00CCD19C /* VideoPreviewImageView.swift */; };
		CD01490C29BF69BB00CCD19C /* TrailerListView.swift in Sources */ = {isa = PBXBuildFile; fileRef = CD01490B29BF69BB00CCD19C /* TrailerListView.swift */; };
		CD01490E29C099FB00CCD19C /* EpisodesView.swift in Sources */ = {isa = PBXBuildFile; fileRef = CD01490D29C099FB00CCD19C /* EpisodesView.swift */; };
		CD01491029C34CE900CCD19C /* HomeStackView.swift in Sources */ = {isa = PBXBuildFile; fileRef = CD01490F29C34CE900CCD19C /* HomeStackView.swift */; };
		CD1D68D429CDEA23000F5E96 /* SearchBar.swift in Sources */ = {isa = PBXBuildFile; fileRef = CD1D68D329CDEA23000F5E96 /* SearchBar.swift */; };
		CD1D68D729CDEBC4000F5E96 /* Colors.swift in Sources */ = {isa = PBXBuildFile; fileRef = CD1D68D629CDEBC4000F5E96 /* Colors.swift */; };
		CD1D68D929CDF693000F5E96 /* ActivityIndicator.swift in Sources */ = {isa = PBXBuildFile; fileRef = CD1D68D829CDF693000F5E96 /* ActivityIndicator.swift */; };
		CD6C698329D5C25900B5A002 /* ComingSoonView.swift in Sources */ = {isa = PBXBuildFile; fileRef = CD6C698229D5C25900B5A002 /* ComingSoonView.swift */; };
		CD6C698629D5C2D000B5A002 /* NotificationBar.swift in Sources */ = {isa = PBXBuildFile; fileRef = CD6C698529D5C2D000B5A002 /* NotificationBar.swift */; };
		CD6C698829D5C76800B5A002 /* ComingSoonRow.swift in Sources */ = {isa = PBXBuildFile; fileRef = CD6C698729D5C76800B5A002 /* ComingSoonRow.swift */; };
		CD79A44429D1C82900C18430 /* SearchView.swift in Sources */ = {isa = PBXBuildFile; fileRef = CD79A44329D1C82900C18430 /* SearchView.swift */; };
		CD79A44629D1C85B00C18430 /* SearchViewModel.swift in Sources */ = {isa = PBXBuildFile; fileRef = CD79A44529D1C85B00C18430 /* SearchViewModel.swift */; };
		CD79A44829D1CB3E00C18430 /* GenerateMovies.swift in Sources */ = {isa = PBXBuildFile; fileRef = CD79A44729D1CB3E00C18430 /* GenerateMovies.swift */; };
		CD79A44A29D1DB0800C18430 /* PopularMovieView.swift in Sources */ = {isa = PBXBuildFile; fileRef = CD79A44929D1DB0800C18430 /* PopularMovieView.swift */; };
		CD79A44C29D3111A00C18430 /* SearchResultsGrid.swift in Sources */ = {isa = PBXBuildFile; fileRef = CD79A44B29D3111A00C18430 /* SearchResultsGrid.swift */; };
		CDA4C6BE29B1F7810050BD98 /* NetflixCloneSwiftUIApp.swift in Sources */ = {isa = PBXBuildFile; fileRef = CDA4C6BD29B1F7810050BD98 /* NetflixCloneSwiftUIApp.swift */; };
		CDA4C6C029B1F7810050BD98 /* ContentView.swift in Sources */ = {isa = PBXBuildFile; fileRef = CDA4C6BF29B1F7810050BD98 /* ContentView.swift */; };
		CDA4C6C229B1F7830050BD98 /* Assets.xcassets in Resources */ = {isa = PBXBuildFile; fileRef = CDA4C6C129B1F7830050BD98 /* Assets.xcassets */; };
		CDA4C6C529B1F7830050BD98 /* Preview Assets.xcassets in Resources */ = {isa = PBXBuildFile; fileRef = CDA4C6C429B1F7830050BD98 /* Preview Assets.xcassets */; };
		CDA4C6CD29B1F8C70050BD98 /* HomeView.swift in Sources */ = {isa = PBXBuildFile; fileRef = CDA4C6CC29B1F8C70050BD98 /* HomeView.swift */; };
		CDA4C6D829B208A70050BD98 /* Movie.swift in Sources */ = {isa = PBXBuildFile; fileRef = CDA4C6D729B208A70050BD98 /* Movie.swift */; };
		CDA4C6DA29B208B00050BD98 /* StandardHomeMovie.swift in Sources */ = {isa = PBXBuildFile; fileRef = CDA4C6D929B208B00050BD98 /* StandardHomeMovie.swift */; };
		CDA4C6DC29B208B80050BD98 /* GlobalHelpers.swift in Sources */ = {isa = PBXBuildFile; fileRef = CDA4C6DB29B208B80050BD98 /* GlobalHelpers.swift */; };
		CDA4C6DF29B209660050BD98 /* Kingfisher in Frameworks */ = {isa = PBXBuildFile; productRef = CDA4C6DE29B209660050BD98 /* Kingfisher */; };
		CDA4C6E129B20C6B0050BD98 /* HomeViewModel.swift in Sources */ = {isa = PBXBuildFile; fileRef = CDA4C6E029B20C6B0050BD98 /* HomeViewModel.swift */; };
		CDA4C6E329B226690050BD98 /* TopMovieView.swift in Sources */ = {isa = PBXBuildFile; fileRef = CDA4C6E229B226690050BD98 /* TopMovieView.swift */; };
		CDA4C6E529B22C540050BD98 /* SmallVerticalButton.swift in Sources */ = {isa = PBXBuildFile; fileRef = CDA4C6E429B22C540050BD98 /* SmallVerticalButton.swift */; };
		CDA4C6E729B231340050BD98 /* PlayButton.swift in Sources */ = {isa = PBXBuildFile; fileRef = CDA4C6E629B231340050BD98 /* PlayButton.swift */; };
		CDA4C6ED29B23FFF0050BD98 /* MovieDetail.swift in Sources */ = {isa = PBXBuildFile; fileRef = CDA4C6EC29B23FFF0050BD98 /* MovieDetail.swift */; };
		CDE5CD8829DB1DE300EF5959 /* ComingSoonViewModel.swift in Sources */ = {isa = PBXBuildFile; fileRef = CDE5CD8729DB1DE300EF5959 /* ComingSoonViewModel.swift */; };
		CDE5CD8C29DC23D300EF5959 /* DownloadsView.swift in Sources */ = {isa = PBXBuildFile; fileRef = CDE5CD8B29DC23D300EF5959 /* DownloadsView.swift */; };
/* End PBXBuildFile section */

/* Begin PBXFileReference section */
		CD0148F929BF275F00CCD19C /* Episode.swift */ = {isa = PBXFileReference; lastKnownFileType = sourcecode.swift; path = Episode.swift; sourceTree = "<group>"; };
		CD0148FB29BF59D200CCD19C /* CustomTabSwitcherView.swift */ = {isa = PBXFileReference; lastKnownFileType = sourcecode.swift; path = CustomTabSwitcherView.swift; sourceTree = "<group>"; };
		CD0148FE29BF625400CCD19C /* MoreLikeThisView.swift */ = {isa = PBXFileReference; lastKnownFileType = sourcecode.swift; path = MoreLikeThisView.swift; sourceTree = "<group>"; };
		CD01490229BF664800CCD19C /* Trailer.swift */ = {isa = PBXFileReference; lastKnownFileType = sourcecode.swift; path = Trailer.swift; sourceTree = "<group>"; };
		CD01490429BF669100CCD19C /* SwiftUIVideoView.swift */ = {isa = PBXFileReference; lastKnownFileType = sourcecode.swift; path = SwiftUIVideoView.swift; sourceTree = "<group>"; };
		CD01490729BF67FE00CCD19C /* VideoPreviewImageView.swift */ = {isa = PBXFileReference; lastKnownFileType = sourcecode.swift; path = VideoPreviewImageView.swift; sourceTree = "<group>"; };
		CD01490B29BF69BB00CCD19C /* TrailerListView.swift */ = {isa = PBXFileReference; lastKnownFileType = sourcecode.swift; path = TrailerListView.swift; sourceTree = "<group>"; };
		CD01490D29C099FB00CCD19C /* EpisodesView.swift */ = {isa = PBXFileReference; lastKnownFileType = sourcecode.swift; path = EpisodesView.swift; sourceTree = "<group>"; };
		CD01490F29C34CE900CCD19C /* HomeStackView.swift */ = {isa = PBXFileReference; lastKnownFileType = sourcecode.swift; path = HomeStackView.swift; sourceTree = "<group>"; };
		CD1D68D329CDEA23000F5E96 /* SearchBar.swift */ = {isa = PBXFileReference; lastKnownFileType = sourcecode.swift; path = SearchBar.swift; sourceTree = "<group>"; };
		CD1D68D629CDEBC4000F5E96 /* Colors.swift */ = {isa = PBXFileReference; lastKnownFileType = sourcecode.swift; path = Colors.swift; sourceTree = "<group>"; };
		CD1D68D829CDF693000F5E96 /* ActivityIndicator.swift */ = {isa = PBXFileReference; lastKnownFileType = sourcecode.swift; path = ActivityIndicator.swift; sourceTree = "<group>"; };
		CD6C698229D5C25900B5A002 /* ComingSoonView.swift */ = {isa = PBXFileReference; lastKnownFileType = sourcecode.swift; path = ComingSoonView.swift; sourceTree = "<group>"; };
		CD6C698529D5C2D000B5A002 /* NotificationBar.swift */ = {isa = PBXFileReference; lastKnownFileType = sourcecode.swift; path = NotificationBar.swift; sourceTree = "<group>"; };
		CD6C698729D5C76800B5A002 /* ComingSoonRow.swift */ = {isa = PBXFileReference; lastKnownFileType = sourcecode.swift; path = ComingSoonRow.swift; sourceTree = "<group>"; };
		CD79A44329D1C82900C18430 /* SearchView.swift */ = {isa = PBXFileReference; lastKnownFileType = sourcecode.swift; path = SearchView.swift; sourceTree = "<group>"; };
		CD79A44529D1C85B00C18430 /* SearchViewModel.swift */ = {isa = PBXFileReference; lastKnownFileType = sourcecode.swift; path = SearchViewModel.swift; sourceTree = "<group>"; };
		CD79A44729D1CB3E00C18430 /* GenerateMovies.swift */ = {isa = PBXFileReference; lastKnownFileType = sourcecode.swift; path = GenerateMovies.swift; sourceTree = "<group>"; };
		CD79A44929D1DB0800C18430 /* PopularMovieView.swift */ = {isa = PBXFileReference; lastKnownFileType = sourcecode.swift; path = PopularMovieView.swift; sourceTree = "<group>"; };
		CD79A44B29D3111A00C18430 /* SearchResultsGrid.swift */ = {isa = PBXFileReference; lastKnownFileType = sourcecode.swift; path = SearchResultsGrid.swift; sourceTree = "<group>"; };
		CDA4C6BA29B1F7810050BD98 /* NetflixCloneSwiftUI.app */ = {isa = PBXFileReference; explicitFileType = wrapper.application; includeInIndex = 0; path = NetflixCloneSwiftUI.app; sourceTree = BUILT_PRODUCTS_DIR; };
		CDA4C6BD29B1F7810050BD98 /* NetflixCloneSwiftUIApp.swift */ = {isa = PBXFileReference; lastKnownFileType = sourcecode.swift; path = NetflixCloneSwiftUIApp.swift; sourceTree = "<group>"; };
		CDA4C6BF29B1F7810050BD98 /* ContentView.swift */ = {isa = PBXFileReference; lastKnownFileType = sourcecode.swift; path = ContentView.swift; sourceTree = "<group>"; };
		CDA4C6C129B1F7830050BD98 /* Assets.xcassets */ = {isa = PBXFileReference; lastKnownFileType = folder.assetcatalog; path = Assets.xcassets; sourceTree = "<group>"; };
		CDA4C6C429B1F7830050BD98 /* Preview Assets.xcassets */ = {isa = PBXFileReference; lastKnownFileType = folder.assetcatalog; path = "Preview Assets.xcassets"; sourceTree = "<group>"; };
		CDA4C6CC29B1F8C70050BD98 /* HomeView.swift */ = {isa = PBXFileReference; lastKnownFileType = sourcecode.swift; path = HomeView.swift; sourceTree = "<group>"; };
		CDA4C6D729B208A70050BD98 /* Movie.swift */ = {isa = PBXFileReference; fileEncoding = 4; lastKnownFileType = sourcecode.swift; path = Movie.swift; sourceTree = "<group>"; };
		CDA4C6D929B208B00050BD98 /* StandardHomeMovie.swift */ = {isa = PBXFileReference; fileEncoding = 4; lastKnownFileType = sourcecode.swift; path = StandardHomeMovie.swift; sourceTree = "<group>"; };
		CDA4C6DB29B208B80050BD98 /* GlobalHelpers.swift */ = {isa = PBXFileReference; fileEncoding = 4; lastKnownFileType = sourcecode.swift; path = GlobalHelpers.swift; sourceTree = "<group>"; };
		CDA4C6E029B20C6B0050BD98 /* HomeViewModel.swift */ = {isa = PBXFileReference; lastKnownFileType = sourcecode.swift; path = HomeViewModel.swift; sourceTree = "<group>"; };
		CDA4C6E229B226690050BD98 /* TopMovieView.swift */ = {isa = PBXFileReference; lastKnownFileType = sourcecode.swift; path = TopMovieView.swift; sourceTree = "<group>"; };
		CDA4C6E429B22C540050BD98 /* SmallVerticalButton.swift */ = {isa = PBXFileReference; lastKnownFileType = sourcecode.swift; path = SmallVerticalButton.swift; sourceTree = "<group>"; };
		CDA4C6E629B231340050BD98 /* PlayButton.swift */ = {isa = PBXFileReference; lastKnownFileType = sourcecode.swift; path = PlayButton.swift; sourceTree = "<group>"; };
		CDA4C6EC29B23FFF0050BD98 /* MovieDetail.swift */ = {isa = PBXFileReference; lastKnownFileType = sourcecode.swift; path = MovieDetail.swift; sourceTree = "<group>"; };
		CDE5CD8729DB1DE300EF5959 /* ComingSoonViewModel.swift */ = {isa = PBXFileReference; lastKnownFileType = sourcecode.swift; path = ComingSoonViewModel.swift; sourceTree = "<group>"; };
		CDE5CD8B29DC23D300EF5959 /* DownloadsView.swift */ = {isa = PBXFileReference; lastKnownFileType = sourcecode.swift; path = DownloadsView.swift; sourceTree = "<group>"; };
/* End PBXFileReference section */

/* Begin PBXFrameworksBuildPhase section */
		CDA4C6B729B1F7810050BD98 /* Frameworks */ = {
			isa = PBXFrameworksBuildPhase;
			buildActionMask = 2147483647;
			files = (
				CDA4C6DF29B209660050BD98 /* Kingfisher in Frameworks */,
			);
			runOnlyForDeploymentPostprocessing = 0;
		};
/* End PBXFrameworksBuildPhase section */

/* Begin PBXGroup section */
		CD0148FD29BF622D00CCD19C /* MovieDetail */ = {
			isa = PBXGroup;
			children = (
				CDA4C6EC29B23FFF0050BD98 /* MovieDetail.swift */,
				CD0148FB29BF59D200CCD19C /* CustomTabSwitcherView.swift */,
				CD0148FE29BF625400CCD19C /* MoreLikeThisView.swift */,
				CD01490B29BF69BB00CCD19C /* TrailerListView.swift */,
				CD01490D29C099FB00CCD19C /* EpisodesView.swift */,
			);
			path = MovieDetail;
			sourceTree = "<group>";
		};
		CD01490629BF676B00CCD19C /* VideoPLayer */ = {
			isa = PBXGroup;
			children = (
				CD01490429BF669100CCD19C /* SwiftUIVideoView.swift */,
				CD01490729BF67FE00CCD19C /* VideoPreviewImageView.swift */,
			);
			path = VideoPLayer;
			sourceTree = "<group>";
		};
		CD1D68D529CDEA2A000F5E96 /* Search */ = {
			isa = PBXGroup;
			children = (
				CD1D68D329CDEA23000F5E96 /* SearchBar.swift */,
				CD79A44329D1C82900C18430 /* SearchView.swift */,
				CD79A44529D1C85B00C18430 /* SearchViewModel.swift */,
				CD79A44929D1DB0800C18430 /* PopularMovieView.swift */,
				CD79A44B29D3111A00C18430 /* SearchResultsGrid.swift */,
			);
			path = Search;
			sourceTree = "<group>";
		};
		CD6C698429D5C2AD00B5A002 /* ComingSoon */ = {
			isa = PBXGroup;
			children = (
				CD6C698229D5C25900B5A002 /* ComingSoonView.swift */,
				CDE5CD8729DB1DE300EF5959 /* ComingSoonViewModel.swift */,
				CD6C698529D5C2D000B5A002 /* NotificationBar.swift */,
				CD6C698729D5C76800B5A002 /* ComingSoonRow.swift */,
			);
			path = ComingSoon;
			sourceTree = "<group>";
		};
		CDA4C6B129B1F7810050BD98 = {
			isa = PBXGroup;
			children = (
				CDA4C6BC29B1F7810050BD98 /* NetflixCloneSwiftUI */,
				CDA4C6BB29B1F7810050BD98 /* Products */,
			);
			sourceTree = "<group>";
		};
		CDA4C6BB29B1F7810050BD98 /* Products */ = {
			isa = PBXGroup;
			children = (
				CDA4C6BA29B1F7810050BD98 /* NetflixCloneSwiftUI.app */,
			);
			name = Products;
			sourceTree = "<group>";
		};
		CDA4C6BC29B1F7810050BD98 /* NetflixCloneSwiftUI */ = {
			isa = PBXGroup;
			children = (
				CD6C698429D5C2AD00B5A002 /* ComingSoon */,
				CD1D68D529CDEA2A000F5E96 /* Search */,
				CD01490629BF676B00CCD19C /* VideoPLayer */,
				CDA4C6EB29B23FC40050BD98 /* Shared */,
				CDA4C6CB29B1F8B20050BD98 /* HomeViews */,
				CDA4C6E829B23F5B0050BD98 /* HelperViews */,
				CDA4C6EA29B23F8C0050BD98 /* Model */,
				CDA4C6E929B23F800050BD98 /* Helpers */,
				CDA4C6C329B1F7830050BD98 /* Preview Content */,
				CD0148FD29BF622D00CCD19C /* MovieDetail */,
				CDE5CD8D29DC28AC00EF5959 /* Download */,
			);
			path = NetflixCloneSwiftUI;
			sourceTree = "<group>";
		};
		CDA4C6C329B1F7830050BD98 /* Preview Content */ = {
			isa = PBXGroup;
			children = (
				CDA4C6C429B1F7830050BD98 /* Preview Assets.xcassets */,
			);
			path = "Preview Content";
			sourceTree = "<group>";
		};
		CDA4C6CB29B1F8B20050BD98 /* HomeViews */ = {
			isa = PBXGroup;
			children = (
				CDA4C6CC29B1F8C70050BD98 /* HomeView.swift */,
				CDA4C6E029B20C6B0050BD98 /* HomeViewModel.swift */,
				CD01490F29C34CE900CCD19C /* HomeStackView.swift */,
			);
			path = HomeViews;
			sourceTree = "<group>";
		};
		CDA4C6E829B23F5B0050BD98 /* HelperViews */ = {
			isa = PBXGroup;
			children = (
				CDA4C6D929B208B00050BD98 /* StandardHomeMovie.swift */,
				CDA4C6E429B22C540050BD98 /* SmallVerticalButton.swift */,
				CDA4C6E629B231340050BD98 /* PlayButton.swift */,
				CDA4C6E229B226690050BD98 /* TopMovieView.swift */,
			);
			path = HelperViews;
			sourceTree = "<group>";
		};
		CDA4C6E929B23F800050BD98 /* Helpers */ = {
			isa = PBXGroup;
			children = (
				CDA4C6DB29B208B80050BD98 /* GlobalHelpers.swift */,
				CD1D68D629CDEBC4000F5E96 /* Colors.swift */,
				CD1D68D829CDF693000F5E96 /* ActivityIndicator.swift */,
				CD79A44729D1CB3E00C18430 /* GenerateMovies.swift */,
			);
			path = Helpers;
			sourceTree = "<group>";
		};
		CDA4C6EA29B23F8C0050BD98 /* Model */ = {
			isa = PBXGroup;
			children = (
				CDA4C6D729B208A70050BD98 /* Movie.swift */,
				CD0148F929BF275F00CCD19C /* Episode.swift */,
				CD01490229BF664800CCD19C /* Trailer.swift */,
			);
			path = Model;
			sourceTree = "<group>";
		};
		CDA4C6EB29B23FC40050BD98 /* Shared */ = {
			isa = PBXGroup;
			children = (
				CDA4C6C129B1F7830050BD98 /* Assets.xcassets */,
				CDA4C6BF29B1F7810050BD98 /* ContentView.swift */,
				CDA4C6BD29B1F7810050BD98 /* NetflixCloneSwiftUIApp.swift */,
			);
			path = Shared;
			sourceTree = "<group>";
		};
		CDE5CD8D29DC28AC00EF5959 /* Download */ = {
			isa = PBXGroup;
			children = (
				CDE5CD8B29DC23D300EF5959 /* DownloadsView.swift */,
			);
			path = Download;
			sourceTree = "<group>";
		};
/* End PBXGroup section */

/* Begin PBXNativeTarget section */
		CDA4C6B929B1F7810050BD98 /* NetflixCloneSwiftUI */ = {
			isa = PBXNativeTarget;
			buildConfigurationList = CDA4C6C829B1F7830050BD98 /* Build configuration list for PBXNativeTarget "NetflixCloneSwiftUI" */;
			buildPhases = (
				CDA4C6B629B1F7810050BD98 /* Sources */,
				CDA4C6B729B1F7810050BD98 /* Frameworks */,
				CDA4C6B829B1F7810050BD98 /* Resources */,
			);
			buildRules = (
			);
			dependencies = (
			);
			name = NetflixCloneSwiftUI;
			packageProductDependencies = (
				CDA4C6DE29B209660050BD98 /* Kingfisher */,
			);
			productName = NetflixCloneSwiftUI;
			productReference = CDA4C6BA29B1F7810050BD98 /* NetflixCloneSwiftUI.app */;
			productType = "com.apple.product-type.application";
		};
/* End PBXNativeTarget section */

/* Begin PBXProject section */
		CDA4C6B229B1F7810050BD98 /* Project object */ = {
			isa = PBXProject;
			attributes = {
				BuildIndependentTargetsInParallel = 1;
				LastSwiftUpdateCheck = 1420;
				LastUpgradeCheck = 1420;
				TargetAttributes = {
					CDA4C6B929B1F7810050BD98 = {
						CreatedOnToolsVersion = 14.2;
					};
				};
			};
			buildConfigurationList = CDA4C6B529B1F7810050BD98 /* Build configuration list for PBXProject "NetflixCloneSwiftUI" */;
			compatibilityVersion = "Xcode 14.0";
			developmentRegion = en;
			hasScannedForEncodings = 0;
			knownRegions = (
				en,
				Base,
			);
			mainGroup = CDA4C6B129B1F7810050BD98;
			packageReferences = (
				CDA4C6DD29B209660050BD98 /* XCRemoteSwiftPackageReference "Kingfisher" */,
			);
			productRefGroup = CDA4C6BB29B1F7810050BD98 /* Products */;
			projectDirPath = "";
			projectRoot = "";
			targets = (
				CDA4C6B929B1F7810050BD98 /* NetflixCloneSwiftUI */,
			);
		};
/* End PBXProject section */

/* Begin PBXResourcesBuildPhase section */
		CDA4C6B829B1F7810050BD98 /* Resources */ = {
			isa = PBXResourcesBuildPhase;
			buildActionMask = 2147483647;
			files = (
				CDA4C6C529B1F7830050BD98 /* Preview Assets.xcassets in Resources */,
				CDA4C6C229B1F7830050BD98 /* Assets.xcassets in Resources */,
			);
			runOnlyForDeploymentPostprocessing = 0;
		};
/* End PBXResourcesBuildPhase section */

/* Begin PBXSourcesBuildPhase section */
		CDA4C6B629B1F7810050BD98 /* Sources */ = {
			isa = PBXSourcesBuildPhase;
			buildActionMask = 2147483647;
			files = (
				CD79A44A29D1DB0800C18430 /* PopularMovieView.swift in Sources */,
				CD6C698329D5C25900B5A002 /* ComingSoonView.swift in Sources */,
				CD01490E29C099FB00CCD19C /* EpisodesView.swift in Sources */,
				CD79A44829D1CB3E00C18430 /* GenerateMovies.swift in Sources */,
				CD6C698629D5C2D000B5A002 /* NotificationBar.swift in Sources */,
				CD1D68D729CDEBC4000F5E96 /* Colors.swift in Sources */,
				CDA4C6DC29B208B80050BD98 /* GlobalHelpers.swift in Sources */,
				CD01490829BF67FE00CCD19C /* VideoPreviewImageView.swift in Sources */,
				CD79A44429D1C82900C18430 /* SearchView.swift in Sources */,
				CD1D68D929CDF693000F5E96 /* ActivityIndicator.swift in Sources */,
				CD79A44C29D3111A00C18430 /* SearchResultsGrid.swift in Sources */,
				CD01490C29BF69BB00CCD19C /* TrailerListView.swift in Sources */,
				CD01491029C34CE900CCD19C /* HomeStackView.swift in Sources */,
				CDE5CD8C29DC23D300EF5959 /* DownloadsView.swift in Sources */,
				CD01490329BF664800CCD19C /* Trailer.swift in Sources */,
				CD0148FA29BF275F00CCD19C /* Episode.swift in Sources */,
				CDA4C6CD29B1F8C70050BD98 /* HomeView.swift in Sources */,
				CDA4C6E129B20C6B0050BD98 /* HomeViewModel.swift in Sources */,
				CD0148FF29BF625400CCD19C /* MoreLikeThisView.swift in Sources */,
				CD0148FC29BF59D200CCD19C /* CustomTabSwitcherView.swift in Sources */,
				CDA4C6E329B226690050BD98 /* TopMovieView.swift in Sources */,
				CDA4C6C029B1F7810050BD98 /* ContentView.swift in Sources */,
				CDA4C6DA29B208B00050BD98 /* StandardHomeMovie.swift in Sources */,
				CD1D68D429CDEA23000F5E96 /* SearchBar.swift in Sources */,
				CDA4C6D829B208A70050BD98 /* Movie.swift in Sources */,
				CD6C698829D5C76800B5A002 /* ComingSoonRow.swift in Sources */,
				CDA4C6BE29B1F7810050BD98 /* NetflixCloneSwiftUIApp.swift in Sources */,
				CDA4C6E529B22C540050BD98 /* SmallVerticalButton.swift in Sources */,
				CD79A44629D1C85B00C18430 /* SearchViewModel.swift in Sources */,
				CDE5CD8829DB1DE300EF5959 /* ComingSoonViewModel.swift in Sources */,
				CDA4C6E729B231340050BD98 /* PlayButton.swift in Sources */,
				CD01490529BF669100CCD19C /* SwiftUIVideoView.swift in Sources */,
				CDA4C6ED29B23FFF0050BD98 /* MovieDetail.swift in Sources */,
			);
			runOnlyForDeploymentPostprocessing = 0;
		};
/* End PBXSourcesBuildPhase section */

/* Begin XCBuildConfiguration section */
		CDA4C6C629B1F7830050BD98 /* Debug */ = {
			isa = XCBuildConfiguration;
			buildSettings = {
				ALWAYS_SEARCH_USER_PATHS = NO;
				CLANG_ANALYZER_NONNULL = YES;
				CLANG_ANALYZER_NUMBER_OBJECT_CONVERSION = YES_AGGRESSIVE;
				CLANG_CXX_LANGUAGE_STANDARD = "gnu++20";
				CLANG_ENABLE_MODULES = YES;
				CLANG_ENABLE_OBJC_ARC = YES;
				CLANG_ENABLE_OBJC_WEAK = YES;
				CLANG_WARN_BLOCK_CAPTURE_AUTORELEASING = YES;
				CLANG_WARN_BOOL_CONVERSION = YES;
				CLANG_WARN_COMMA = YES;
				CLANG_WARN_CONSTANT_CONVERSION = YES;
				CLANG_WARN_DEPRECATED_OBJC_IMPLEMENTATIONS = YES;
				CLANG_WARN_DIRECT_OBJC_ISA_USAGE = YES_ERROR;
				CLANG_WARN_DOCUMENTATION_COMMENTS = YES;
				CLANG_WARN_EMPTY_BODY = YES;
				CLANG_WARN_ENUM_CONVERSION = YES;
				CLANG_WARN_INFINITE_RECURSION = YES;
				CLANG_WARN_INT_CONVERSION = YES;
				CLANG_WARN_NON_LITERAL_NULL_CONVERSION = YES;
				CLANG_WARN_OBJC_IMPLICIT_RETAIN_SELF = YES;
				CLANG_WARN_OBJC_LITERAL_CONVERSION = YES;
				CLANG_WARN_OBJC_ROOT_CLASS = YES_ERROR;
				CLANG_WARN_QUOTED_INCLUDE_IN_FRAMEWORK_HEADER = YES;
				CLANG_WARN_RANGE_LOOP_ANALYSIS = YES;
				CLANG_WARN_STRICT_PROTOTYPES = YES;
				CLANG_WARN_SUSPICIOUS_MOVE = YES;
				CLANG_WARN_UNGUARDED_AVAILABILITY = YES_AGGRESSIVE;
				CLANG_WARN_UNREACHABLE_CODE = YES;
				CLANG_WARN__DUPLICATE_METHOD_MATCH = YES;
				COPY_PHASE_STRIP = NO;
				DEBUG_INFORMATION_FORMAT = dwarf;
				ENABLE_STRICT_OBJC_MSGSEND = YES;
				ENABLE_TESTABILITY = YES;
				GCC_C_LANGUAGE_STANDARD = gnu11;
				GCC_DYNAMIC_NO_PIC = NO;
				GCC_NO_COMMON_BLOCKS = YES;
				GCC_OPTIMIZATION_LEVEL = 0;
				GCC_PREPROCESSOR_DEFINITIONS = (
					"DEBUG=1",
					"$(inherited)",
				);
				GCC_WARN_64_TO_32_BIT_CONVERSION = YES;
				GCC_WARN_ABOUT_RETURN_TYPE = YES_ERROR;
				GCC_WARN_UNDECLARED_SELECTOR = YES;
				GCC_WARN_UNINITIALIZED_AUTOS = YES_AGGRESSIVE;
				GCC_WARN_UNUSED_FUNCTION = YES;
				GCC_WARN_UNUSED_VARIABLE = YES;
				IPHONEOS_DEPLOYMENT_TARGET = 16.2;
				MTL_ENABLE_DEBUG_INFO = INCLUDE_SOURCE;
				MTL_FAST_MATH = YES;
				ONLY_ACTIVE_ARCH = YES;
				SDKROOT = iphoneos;
				SWIFT_ACTIVE_COMPILATION_CONDITIONS = DEBUG;
				SWIFT_OPTIMIZATION_LEVEL = "-Onone";
			};
			name = Debug;
		};
		CDA4C6C729B1F7830050BD98 /* Release */ = {
			isa = XCBuildConfiguration;
			buildSettings = {
				ALWAYS_SEARCH_USER_PATHS = NO;
				CLANG_ANALYZER_NONNULL = YES;
				CLANG_ANALYZER_NUMBER_OBJECT_CONVERSION = YES_AGGRESSIVE;
				CLANG_CXX_LANGUAGE_STANDARD = "gnu++20";
				CLANG_ENABLE_MODULES = YES;
				CLANG_ENABLE_OBJC_ARC = YES;
				CLANG_ENABLE_OBJC_WEAK = YES;
				CLANG_WARN_BLOCK_CAPTURE_AUTORELEASING = YES;
				CLANG_WARN_BOOL_CONVERSION = YES;
				CLANG_WARN_COMMA = YES;
				CLANG_WARN_CONSTANT_CONVERSION = YES;
				CLANG_WARN_DEPRECATED_OBJC_IMPLEMENTATIONS = YES;
				CLANG_WARN_DIRECT_OBJC_ISA_USAGE = YES_ERROR;
				CLANG_WARN_DOCUMENTATION_COMMENTS = YES;
				CLANG_WARN_EMPTY_BODY = YES;
				CLANG_WARN_ENUM_CONVERSION = YES;
				CLANG_WARN_INFINITE_RECURSION = YES;
				CLANG_WARN_INT_CONVERSION = YES;
				CLANG_WARN_NON_LITERAL_NULL_CONVERSION = YES;
				CLANG_WARN_OBJC_IMPLICIT_RETAIN_SELF = YES;
				CLANG_WARN_OBJC_LITERAL_CONVERSION = YES;
				CLANG_WARN_OBJC_ROOT_CLASS = YES_ERROR;
				CLANG_WARN_QUOTED_INCLUDE_IN_FRAMEWORK_HEADER = YES;
				CLANG_WARN_RANGE_LOOP_ANALYSIS = YES;
				CLANG_WARN_STRICT_PROTOTYPES = YES;
				CLANG_WARN_SUSPICIOUS_MOVE = YES;
				CLANG_WARN_UNGUARDED_AVAILABILITY = YES_AGGRESSIVE;
				CLANG_WARN_UNREACHABLE_CODE = YES;
				CLANG_WARN__DUPLICATE_METHOD_MATCH = YES;
				COPY_PHASE_STRIP = NO;
				DEBUG_INFORMATION_FORMAT = "dwarf-with-dsym";
				ENABLE_NS_ASSERTIONS = NO;
				ENABLE_STRICT_OBJC_MSGSEND = YES;
				GCC_C_LANGUAGE_STANDARD = gnu11;
				GCC_NO_COMMON_BLOCKS = YES;
				GCC_WARN_64_TO_32_BIT_CONVERSION = YES;
				GCC_WARN_ABOUT_RETURN_TYPE = YES_ERROR;
				GCC_WARN_UNDECLARED_SELECTOR = YES;
				GCC_WARN_UNINITIALIZED_AUTOS = YES_AGGRESSIVE;
				GCC_WARN_UNUSED_FUNCTION = YES;
				GCC_WARN_UNUSED_VARIABLE = YES;
				IPHONEOS_DEPLOYMENT_TARGET = 16.2;
				MTL_ENABLE_DEBUG_INFO = NO;
				MTL_FAST_MATH = YES;
				SDKROOT = iphoneos;
				SWIFT_COMPILATION_MODE = wholemodule;
				SWIFT_OPTIMIZATION_LEVEL = "-O";
				VALIDATE_PRODUCT = YES;
			};
			name = Release;
		};
		CDA4C6C929B1F7830050BD98 /* Debug */ = {
			isa = XCBuildConfiguration;
			buildSettings = {
				ASSETCATALOG_COMPILER_APPICON_NAME = AppIcon;
				ASSETCATALOG_COMPILER_GLOBAL_ACCENT_COLOR_NAME = AccentColor;
				CODE_SIGN_STYLE = Automatic;
				CURRENT_PROJECT_VERSION = 1;
				DEVELOPMENT_ASSET_PATHS = "\"NetflixCloneSwiftUI/Preview Content\"";
				DEVELOPMENT_TEAM = 47JH7NR5DK;
				ENABLE_PREVIEWS = YES;
				GENERATE_INFOPLIST_FILE = YES;
				INFOPLIST_KEY_UIApplicationSceneManifest_Generation = YES;
				INFOPLIST_KEY_UIApplicationSupportsIndirectInputEvents = YES;
				INFOPLIST_KEY_UILaunchScreen_Generation = YES;
				INFOPLIST_KEY_UISupportedInterfaceOrientations_iPad = "UIInterfaceOrientationPortrait UIInterfaceOrientationPortraitUpsideDown UIInterfaceOrientationLandscapeLeft UIInterfaceOrientationLandscapeRight";
				INFOPLIST_KEY_UISupportedInterfaceOrientations_iPhone = "UIInterfaceOrientationPortrait UIInterfaceOrientationLandscapeLeft UIInterfaceOrientationLandscapeRight";
				LD_RUNPATH_SEARCH_PATHS = (
					"$(inherited)",
					"@executable_path/Frameworks",
				);
				MARKETING_VERSION = 1.0;
				PRODUCT_BUNDLE_IDENTIFIER = silva.NetflixCloneSwiftUI;
				PRODUCT_NAME = "$(TARGET_NAME)";
				SWIFT_EMIT_LOC_STRINGS = YES;
				SWIFT_VERSION = 5.0;
				TARGETED_DEVICE_FAMILY = "1,2";
			};
			name = Debug;
		};
		CDA4C6CA29B1F7830050BD98 /* Release */ = {
			isa = XCBuildConfiguration;
			buildSettings = {
				ASSETCATALOG_COMPILER_APPICON_NAME = AppIcon;
				ASSETCATALOG_COMPILER_GLOBAL_ACCENT_COLOR_NAME = AccentColor;
				CODE_SIGN_STYLE = Automatic;
				CURRENT_PROJECT_VERSION = 1;
				DEVELOPMENT_ASSET_PATHS = "\"NetflixCloneSwiftUI/Preview Content\"";
				DEVELOPMENT_TEAM = 47JH7NR5DK;
				ENABLE_PREVIEWS = YES;
				GENERATE_INFOPLIST_FILE = YES;
				INFOPLIST_KEY_UIApplicationSceneManifest_Generation = YES;
				INFOPLIST_KEY_UIApplicationSupportsIndirectInputEvents = YES;
				INFOPLIST_KEY_UILaunchScreen_Generation = YES;
				INFOPLIST_KEY_UISupportedInterfaceOrientations_iPad = "UIInterfaceOrientationPortrait UIInterfaceOrientationPortraitUpsideDown UIInterfaceOrientationLandscapeLeft UIInterfaceOrientationLandscapeRight";
				INFOPLIST_KEY_UISupportedInterfaceOrientations_iPhone = "UIInterfaceOrientationPortrait UIInterfaceOrientationLandscapeLeft UIInterfaceOrientationLandscapeRight";
				LD_RUNPATH_SEARCH_PATHS = (
					"$(inherited)",
					"@executable_path/Frameworks",
				);
				MARKETING_VERSION = 1.0;
				PRODUCT_BUNDLE_IDENTIFIER = silva.NetflixCloneSwiftUI;
				PRODUCT_NAME = "$(TARGET_NAME)";
				SWIFT_EMIT_LOC_STRINGS = YES;
				SWIFT_VERSION = 5.0;
				TARGETED_DEVICE_FAMILY = "1,2";
			};
			name = Release;
		};
/* End XCBuildConfiguration section */

/* Begin XCConfigurationList section */
		CDA4C6B529B1F7810050BD98 /* Build configuration list for PBXProject "NetflixCloneSwiftUI" */ = {
			isa = XCConfigurationList;
			buildConfigurations = (
				CDA4C6C629B1F7830050BD98 /* Debug */,
				CDA4C6C729B1F7830050BD98 /* Release */,
			);
			defaultConfigurationIsVisible = 0;
			defaultConfigurationName = Release;
		};
		CDA4C6C829B1F7830050BD98 /* Build configuration list for PBXNativeTarget "NetflixCloneSwiftUI" */ = {
			isa = XCConfigurationList;
			buildConfigurations = (
				CDA4C6C929B1F7830050BD98 /* Debug */,
				CDA4C6CA29B1F7830050BD98 /* Release */,
			);
			defaultConfigurationIsVisible = 0;
			defaultConfigurationName = Release;
		};
/* End XCConfigurationList section */

/* Begin XCRemoteSwiftPackageReference section */
		CDA4C6DD29B209660050BD98 /* XCRemoteSwiftPackageReference "Kingfisher" */ = {
			isa = XCRemoteSwiftPackageReference;
			repositoryURL = "https://github.com/onevcat/Kingfisher.git";
			requirement = {
				kind = upToNextMajorVersion;
				minimumVersion = 7.0.0;
			};
		};
/* End XCRemoteSwiftPackageReference section */

/* Begin XCSwiftPackageProductDependency section */
		CDA4C6DE29B209660050BD98 /* Kingfisher */ = {
			isa = XCSwiftPackageProductDependency;
			package = CDA4C6DD29B209660050BD98 /* XCRemoteSwiftPackageReference "Kingfisher" */;
			productName = Kingfisher;
		};
/* End XCSwiftPackageProductDependency section */
	};
	rootObject = CDA4C6B229B1F7810050BD98 /* Project object */;
}
