// !$*UTF8*$!
{
	archiveVersion = 1;
	classes = {
	};
	objectVersion = 56;
	objects = {

/* Begin PBXBuildFile section */
		CDA4C6BE29B1F7810050BD98 /* NetflixCloneSwiftUIApp.swift in Sources */ = {isa = PBXBuildFile; fileRef = CDA4C6BD29B1F7810050BD98 /* NetflixCloneSwiftUIApp.swift */; };
		CDA4C6C029B1F7810050BD98 /* ContentView.swift in Sources */ = {isa = PBXBuildFile; fileRef = CDA4C6BF29B1F7810050BD98 /* ContentView.swift */; };
		CDA4C6C229B1F7830050BD98 /* Assets.xcassets in Resources */ = {isa = PBXBuildFile; fileRef = CDA4C6C129B1F7830050BD98 /* Assets.xcassets */; };
		CDA4C6C529B1F7830050BD98 /* Preview Assets.xcassets in Resources */ = {isa = PBXBuildFile; fileRef = CDA4C6C429B1F7830050BD98 /* Preview Assets.xcassets */; };
		CDA4C6CD29B1F8C70050BD98 /* HomeView.swift in Sources */ = {isa = PBXBuildFile; fileRef = CDA4C6CC29B1F8C70050BD98 /* HomeView.swift */; };
		CDA4C6D829B208A70050BD98 /* Movie.swift in Sources */ = {isa = PBXBuildFile; fileRef = CDA4C6D729B208A70050BD98 /* Movie.swift */; };
		CDA4C6DA29B208B00050BD98 /* StandardHomeMovie.swift in Sources */ = {isa = PBXBuildFile; fileRef = CDA4C6D929B208B00050BD98 /* StandardHomeMovie.swift */; };
		CDA4C6DC29B208B80050BD98 /* GlobalHelpers.swift in Sources */ = {isa = PBXBuildFile; fileRef = CDA4C6DB29B208B80050BD98 /* GlobalHelpers.swift */; };
		CDA4C6DF29B209660050BD98 /* Kingfisher in Frameworks */ = {isa = PBXBuildFile; productRef = CDA4C6DE29B209660050BD98 /* Kingfisher */; };
		CDA4C6E129B20C6B0050BD98 /* HomeViewModel.swift in Sources */ = {isa = PBXBuildFile; fileRef = CDA4C6E029B20C6B0050BD98 /* HomeViewModel.swift */; };
/* End PBXBuildFile section */

/* Begin PBXFileReference section */
		CDA4C6BA29B1F7810050BD98 /* NetflixCloneSwiftUI.app */ = {isa = PBXFileReference; explicitFileType = wrapper.application; includeInIndex = 0; path = NetflixCloneSwiftUI.app; sourceTree = BUILT_PRODUCTS_DIR; };
		CDA4C6BD29B1F7810050BD98 /* NetflixCloneSwiftUIApp.swift */ = {isa = PBXFileReference; lastKnownFileType = sourcecode.swift; path = NetflixCloneSwiftUIApp.swift; sourceTree = "<group>"; };
		CDA4C6BF29B1F7810050BD98 /* ContentView.swift */ = {isa = PBXFileReference; lastKnownFileType = sourcecode.swift; path = ContentView.swift; sourceTree = "<group>"; };
		CDA4C6C129B1F7830050BD98 /* Assets.xcassets */ = {isa = PBXFileReference; lastKnownFileType = folder.assetcatalog; path = Assets.xcassets; sourceTree = "<group>"; };
		CDA4C6C429B1F7830050BD98 /* Preview Assets.xcassets */ = {isa = PBXFileReference; lastKnownFileType = folder.assetcatalog; path = "Preview Assets.xcassets"; sourceTree = "<group>"; };
		CDA4C6CC29B1F8C70050BD98 /* HomeView.swift */ = {isa = PBXFileReference; lastKnownFileType = sourcecode.swift; path = HomeView.swift; sourceTree = "<group>"; };
		CDA4C6D729B208A70050BD98 /* Movie.swift */ = {isa = PBXFileReference; fileEncoding = 4; lastKnownFileType = sourcecode.swift; path = Movie.swift; sourceTree = "<group>"; };
		CDA4C6D929B208B00050BD98 /* StandardHomeMovie.swift */ = {isa = PBXFileReference; fileEncoding = 4; lastKnownFileType = sourcecode.swift; path = StandardHomeMovie.swift; sourceTree = "<group>"; };
		CDA4C6DB29B208B80050BD98 /* GlobalHelpers.swift */ = {isa = PBXFileReference; fileEncoding = 4; lastKnownFileType = sourcecode.swift; path = GlobalHelpers.swift; sourceTree = "<group>"; };
		CDA4C6E029B20C6B0050BD98 /* HomeViewModel.swift */ = {isa = PBXFileReference; lastKnownFileType = sourcecode.swift; path = HomeViewModel.swift; sourceTree = "<group>"; };
/* End PBXFileReference section */

/* Begin PBXFrameworksBuildPhase section */
		CDA4C6B729B1F7810050BD98 /* Frameworks */ = {
			isa = PBXFrameworksBuildPhase;
			buildActionMask = 2147483647;
			files = (
				CDA4C6DF29B209660050BD98 /* Kingfisher in Frameworks */,
			);
			runOnlyForDeploymentPostprocessing = 0;
		};
/* End PBXFrameworksBuildPhase section */

/* Begin PBXGroup section */
		CDA4C6B129B1F7810050BD98 = {
			isa = PBXGroup;
			children = (
				CDA4C6BC29B1F7810050BD98 /* NetflixCloneSwiftUI */,
				CDA4C6BB29B1F7810050BD98 /* Products */,
			);
			sourceTree = "<group>";
		};
		CDA4C6BB29B1F7810050BD98 /* Products */ = {
			isa = PBXGroup;
			children = (
				CDA4C6BA29B1F7810050BD98 /* NetflixCloneSwiftUI.app */,
			);
			name = Products;
			sourceTree = "<group>";
		};
		CDA4C6BC29B1F7810050BD98 /* NetflixCloneSwiftUI */ = {
			isa = PBXGroup;
			children = (
				CDA4C6BD29B1F7810050BD98 /* NetflixCloneSwiftUIApp.swift */,
				CDA4C6BF29B1F7810050BD98 /* ContentView.swift */,
				CDA4C6CB29B1F8B20050BD98 /* Home */,
				CDA4C6C129B1F7830050BD98 /* Assets.xcassets */,
				CDA4C6C329B1F7830050BD98 /* Preview Content */,
			);
			path = NetflixCloneSwiftUI;
			sourceTree = "<group>";
		};
		CDA4C6C329B1F7830050BD98 /* Preview Content */ = {
			isa = PBXGroup;
			children = (
				CDA4C6C429B1F7830050BD98 /* Preview Assets.xcassets */,
			);
			path = "Preview Content";
			sourceTree = "<group>";
		};
		CDA4C6CB29B1F8B20050BD98 /* Home */ = {
			isa = PBXGroup;
			children = (
				CDA4C6DB29B208B80050BD98 /* GlobalHelpers.swift */,
				CDA4C6D929B208B00050BD98 /* StandardHomeMovie.swift */,
				CDA4C6D729B208A70050BD98 /* Movie.swift */,
				CDA4C6CC29B1F8C70050BD98 /* HomeView.swift */,
				CDA4C6E029B20C6B0050BD98 /* HomeViewModel.swift */,
			);
			path = Home;
			sourceTree = "<group>";
		};
/* End PBXGroup section */

/* Begin PBXNativeTarget section */
		CDA4C6B929B1F7810050BD98 /* NetflixCloneSwiftUI */ = {
			isa = PBXNativeTarget;
			buildConfigurationList = CDA4C6C829B1F7830050BD98 /* Build configuration list for PBXNativeTarget "NetflixCloneSwiftUI" */;
			buildPhases = (
				CDA4C6B629B1F7810050BD98 /* Sources */,
				CDA4C6B729B1F7810050BD98 /* Frameworks */,
				CDA4C6B829B1F7810050BD98 /* Resources */,
			);
			buildRules = (
			);
			dependencies = (
			);
			name = NetflixCloneSwiftUI;
			packageProductDependencies = (
				CDA4C6DE29B209660050BD98 /* Kingfisher */,
			);
			productName = NetflixCloneSwiftUI;
			productReference = CDA4C6BA29B1F7810050BD98 /* NetflixCloneSwiftUI.app */;
			productType = "com.apple.product-type.application";
		};
/* End PBXNativeTarget section */

/* Begin PBXProject section */
		CDA4C6B229B1F7810050BD98 /* Project object */ = {
			isa = PBXProject;
			attributes = {
				BuildIndependentTargetsInParallel = 1;
				LastSwiftUpdateCheck = 1420;
				LastUpgradeCheck = 1420;
				TargetAttributes = {
					CDA4C6B929B1F7810050BD98 = {
						CreatedOnToolsVersion = 14.2;
					};
				};
			};
			buildConfigurationList = CDA4C6B529B1F7810050BD98 /* Build configuration list for PBXProject "NetflixCloneSwiftUI" */;
			compatibilityVersion = "Xcode 14.0";
			developmentRegion = en;
			hasScannedForEncodings = 0;
			knownRegions = (
				en,
				Base,
			);
			mainGroup = CDA4C6B129B1F7810050BD98;
			packageReferences = (
				CDA4C6DD29B209660050BD98 /* XCRemoteSwiftPackageReference "Kingfisher" */,
			);
			productRefGroup = CDA4C6BB29B1F7810050BD98 /* Products */;
			projectDirPath = "";
			projectRoot = "";
			targets = (
				CDA4C6B929B1F7810050BD98 /* NetflixCloneSwiftUI */,
			);
		};
/* End PBXProject section */

/* Begin PBXResourcesBuildPhase section */
		CDA4C6B829B1F7810050BD98 /* Resources */ = {
			isa = PBXResourcesBuildPhase;
			buildActionMask = 2147483647;
			files = (
				CDA4C6C529B1F7830050BD98 /* Preview Assets.xcassets in Resources */,
				CDA4C6C229B1F7830050BD98 /* Assets.xcassets in Resources */,
			);
			runOnlyForDeploymentPostprocessing = 0;
		};
/* End PBXResourcesBuildPhase section */

/* Begin PBXSourcesBuildPhase section */
		CDA4C6B629B1F7810050BD98 /* Sources */ = {
			isa = PBXSourcesBuildPhase;
			buildActionMask = 2147483647;
			files = (
				CDA4C6DC29B208B80050BD98 /* GlobalHelpers.swift in Sources */,
				CDA4C6CD29B1F8C70050BD98 /* HomeView.swift in Sources */,
				CDA4C6E129B20C6B0050BD98 /* HomeViewModel.swift in Sources */,
				CDA4C6C029B1F7810050BD98 /* ContentView.swift in Sources */,
				CDA4C6DA29B208B00050BD98 /* StandardHomeMovie.swift in Sources */,
				CDA4C6D829B208A70050BD98 /* Movie.swift in Sources */,
				CDA4C6BE29B1F7810050BD98 /* NetflixCloneSwiftUIApp.swift in Sources */,
			);
			runOnlyForDeploymentPostprocessing = 0;
		};
/* End PBXSourcesBuildPhase section */

/* Begin XCBuildConfiguration section */
		CDA4C6C629B1F7830050BD98 /* Debug */ = {
			isa = XCBuildConfiguration;
			buildSettings = {
				ALWAYS_SEARCH_USER_PATHS = NO;
				CLANG_ANALYZER_NONNULL = YES;
				CLANG_ANALYZER_NUMBER_OBJECT_CONVERSION = YES_AGGRESSIVE;
				CLANG_CXX_LANGUAGE_STANDARD = "gnu++20";
				CLANG_ENABLE_MODULES = YES;
				CLANG_ENABLE_OBJC_ARC = YES;
				CLANG_ENABLE_OBJC_WEAK = YES;
				CLANG_WARN_BLOCK_CAPTURE_AUTORELEASING = YES;
				CLANG_WARN_BOOL_CONVERSION = YES;
				CLANG_WARN_COMMA = YES;
				CLANG_WARN_CONSTANT_CONVERSION = YES;
				CLANG_WARN_DEPRECATED_OBJC_IMPLEMENTATIONS = YES;
				CLANG_WARN_DIRECT_OBJC_ISA_USAGE = YES_ERROR;
				CLANG_WARN_DOCUMENTATION_COMMENTS = YES;
				CLANG_WARN_EMPTY_BODY = YES;
				CLANG_WARN_ENUM_CONVERSION = YES;
				CLANG_WARN_INFINITE_RECURSION = YES;
				CLANG_WARN_INT_CONVERSION = YES;
				CLANG_WARN_NON_LITERAL_NULL_CONVERSION = YES;
				CLANG_WARN_OBJC_IMPLICIT_RETAIN_SELF = YES;
				CLANG_WARN_OBJC_LITERAL_CONVERSION = YES;
				CLANG_WARN_OBJC_ROOT_CLASS = YES_ERROR;
				CLANG_WARN_QUOTED_INCLUDE_IN_FRAMEWORK_HEADER = YES;
				CLANG_WARN_RANGE_LOOP_ANALYSIS = YES;
				CLANG_WARN_STRICT_PROTOTYPES = YES;
				CLANG_WARN_SUSPICIOUS_MOVE = YES;
				CLANG_WARN_UNGUARDED_AVAILABILITY = YES_AGGRESSIVE;
				CLANG_WARN_UNREACHABLE_CODE = YES;
				CLANG_WARN__DUPLICATE_METHOD_MATCH = YES;
				COPY_PHASE_STRIP = NO;
				DEBUG_INFORMATION_FORMAT = dwarf;
				ENABLE_STRICT_OBJC_MSGSEND = YES;
				ENABLE_TESTABILITY = YES;
				GCC_C_LANGUAGE_STANDARD = gnu11;
				GCC_DYNAMIC_NO_PIC = NO;
				GCC_NO_COMMON_BLOCKS = YES;
				GCC_OPTIMIZATION_LEVEL = 0;
				GCC_PREPROCESSOR_DEFINITIONS = (
					"DEBUG=1",
					"$(inherited)",
				);
				GCC_WARN_64_TO_32_BIT_CONVERSION = YES;
				GCC_WARN_ABOUT_RETURN_TYPE = YES_ERROR;
				GCC_WARN_UNDECLARED_SELECTOR = YES;
				GCC_WARN_UNINITIALIZED_AUTOS = YES_AGGRESSIVE;
				GCC_WARN_UNUSED_FUNCTION = YES;
				GCC_WARN_UNUSED_VARIABLE = YES;
				IPHONEOS_DEPLOYMENT_TARGET = 16.2;
				MTL_ENABLE_DEBUG_INFO = INCLUDE_SOURCE;
				MTL_FAST_MATH = YES;
				ONLY_ACTIVE_ARCH = YES;
				SDKROOT = iphoneos;
				SWIFT_ACTIVE_COMPILATION_CONDITIONS = DEBUG;
				SWIFT_OPTIMIZATION_LEVEL = "-Onone";
			};
			name = Debug;
		};
		CDA4C6C729B1F7830050BD98 /* Release */ = {
			isa = XCBuildConfiguration;
			buildSettings = {
				ALWAYS_SEARCH_USER_PATHS = NO;
				CLANG_ANALYZER_NONNULL = YES;
				CLANG_ANALYZER_NUMBER_OBJECT_CONVERSION = YES_AGGRESSIVE;
				CLANG_CXX_LANGUAGE_STANDARD = "gnu++20";
				CLANG_ENABLE_MODULES = YES;
				CLANG_ENABLE_OBJC_ARC = YES;
				CLANG_ENABLE_OBJC_WEAK = YES;
				CLANG_WARN_BLOCK_CAPTURE_AUTORELEASING = YES;
				CLANG_WARN_BOOL_CONVERSION = YES;
				CLANG_WARN_COMMA = YES;
				CLANG_WARN_CONSTANT_CONVERSION = YES;
				CLANG_WARN_DEPRECATED_OBJC_IMPLEMENTATIONS = YES;
				CLANG_WARN_DIRECT_OBJC_ISA_USAGE = YES_ERROR;
				CLANG_WARN_DOCUMENTATION_COMMENTS = YES;
				CLANG_WARN_EMPTY_BODY = YES;
				CLANG_WARN_ENUM_CONVERSION = YES;
				CLANG_WARN_INFINITE_RECURSION = YES;
				CLANG_WARN_INT_CONVERSION = YES;
				CLANG_WARN_NON_LITERAL_NULL_CONVERSION = YES;
				CLANG_WARN_OBJC_IMPLICIT_RETAIN_SELF = YES;
				CLANG_WARN_OBJC_LITERAL_CONVERSION = YES;
				CLANG_WARN_OBJC_ROOT_CLASS = YES_ERROR;
				CLANG_WARN_QUOTED_INCLUDE_IN_FRAMEWORK_HEADER = YES;
				CLANG_WARN_RANGE_LOOP_ANALYSIS = YES;
				CLANG_WARN_STRICT_PROTOTYPES = YES;
				CLANG_WARN_SUSPICIOUS_MOVE = YES;
				CLANG_WARN_UNGUARDED_AVAILABILITY = YES_AGGRESSIVE;
				CLANG_WARN_UNREACHABLE_CODE = YES;
				CLANG_WARN__DUPLICATE_METHOD_MATCH = YES;
				COPY_PHASE_STRIP = NO;
				DEBUG_INFORMATION_FORMAT = "dwarf-with-dsym";
				ENABLE_NS_ASSERTIONS = NO;
				ENABLE_STRICT_OBJC_MSGSEND = YES;
				GCC_C_LANGUAGE_STANDARD = gnu11;
				GCC_NO_COMMON_BLOCKS = YES;
				GCC_WARN_64_TO_32_BIT_CONVERSION = YES;
				GCC_WARN_ABOUT_RETURN_TYPE = YES_ERROR;
				GCC_WARN_UNDECLARED_SELECTOR = YES;
				GCC_WARN_UNINITIALIZED_AUTOS = YES_AGGRESSIVE;
				GCC_WARN_UNUSED_FUNCTION = YES;
				GCC_WARN_UNUSED_VARIABLE = YES;
				IPHONEOS_DEPLOYMENT_TARGET = 16.2;
				MTL_ENABLE_DEBUG_INFO = NO;
				MTL_FAST_MATH = YES;
				SDKROOT = iphoneos;
				SWIFT_COMPILATION_MODE = wholemodule;
				SWIFT_OPTIMIZATION_LEVEL = "-O";
				VALIDATE_PRODUCT = YES;
			};
			name = Release;
		};
		CDA4C6C929B1F7830050BD98 /* Debug */ = {
			isa = XCBuildConfiguration;
			buildSettings = {
				ASSETCATALOG_COMPILER_APPICON_NAME = AppIcon;
				ASSETCATALOG_COMPILER_GLOBAL_ACCENT_COLOR_NAME = AccentColor;
				CODE_SIGN_STYLE = Automatic;
				CURRENT_PROJECT_VERSION = 1;
				DEVELOPMENT_ASSET_PATHS = "\"NetflixCloneSwiftUI/Preview Content\"";
				DEVELOPMENT_TEAM = 47JH7NR5DK;
				ENABLE_PREVIEWS = YES;
				GENERATE_INFOPLIST_FILE = YES;
				INFOPLIST_KEY_UIApplicationSceneManifest_Generation = YES;
				INFOPLIST_KEY_UIApplicationSupportsIndirectInputEvents = YES;
				INFOPLIST_KEY_UILaunchScreen_Generation = YES;
				INFOPLIST_KEY_UISupportedInterfaceOrientations_iPad = "UIInterfaceOrientationPortrait UIInterfaceOrientationPortraitUpsideDown UIInterfaceOrientationLandscapeLeft UIInterfaceOrientationLandscapeRight";
				INFOPLIST_KEY_UISupportedInterfaceOrientations_iPhone = "UIInterfaceOrientationPortrait UIInterfaceOrientationLandscapeLeft UIInterfaceOrientationLandscapeRight";
				LD_RUNPATH_SEARCH_PATHS = (
					"$(inherited)",
					"@executable_path/Frameworks",
				);
				MARKETING_VERSION = 1.0;
				PRODUCT_BUNDLE_IDENTIFIER = silva.NetflixCloneSwiftUI;
				PRODUCT_NAME = "$(TARGET_NAME)";
				SWIFT_EMIT_LOC_STRINGS = YES;
				SWIFT_VERSION = 5.0;
				TARGETED_DEVICE_FAMILY = "1,2";
			};
			name = Debug;
		};
		CDA4C6CA29B1F7830050BD98 /* Release */ = {
			isa = XCBuildConfiguration;
			buildSettings = {
				ASSETCATALOG_COMPILER_APPICON_NAME = AppIcon;
				ASSETCATALOG_COMPILER_GLOBAL_ACCENT_COLOR_NAME = AccentColor;
				CODE_SIGN_STYLE = Automatic;
				CURRENT_PROJECT_VERSION = 1;
				DEVELOPMENT_ASSET_PATHS = "\"NetflixCloneSwiftUI/Preview Content\"";
				DEVELOPMENT_TEAM = 47JH7NR5DK;
				ENABLE_PREVIEWS = YES;
				GENERATE_INFOPLIST_FILE = YES;
				INFOPLIST_KEY_UIApplicationSceneManifest_Generation = YES;
				INFOPLIST_KEY_UIApplicationSupportsIndirectInputEvents = YES;
				INFOPLIST_KEY_UILaunchScreen_Generation = YES;
				INFOPLIST_KEY_UISupportedInterfaceOrientations_iPad = "UIInterfaceOrientationPortrait UIInterfaceOrientationPortraitUpsideDown UIInterfaceOrientationLandscapeLeft UIInterfaceOrientationLandscapeRight";
				INFOPLIST_KEY_UISupportedInterfaceOrientations_iPhone = "UIInterfaceOrientationPortrait UIInterfaceOrientationLandscapeLeft UIInterfaceOrientationLandscapeRight";
				LD_RUNPATH_SEARCH_PATHS = (
					"$(inherited)",
					"@executable_path/Frameworks",
				);
				MARKETING_VERSION = 1.0;
				PRODUCT_BUNDLE_IDENTIFIER = silva.NetflixCloneSwiftUI;
				PRODUCT_NAME = "$(TARGET_NAME)";
				SWIFT_EMIT_LOC_STRINGS = YES;
				SWIFT_VERSION = 5.0;
				TARGETED_DEVICE_FAMILY = "1,2";
			};
			name = Release;
		};
/* End XCBuildConfiguration section */

/* Begin XCConfigurationList section */
		CDA4C6B529B1F7810050BD98 /* Build configuration list for PBXProject "NetflixCloneSwiftUI" */ = {
			isa = XCConfigurationList;
			buildConfigurations = (
				CDA4C6C629B1F7830050BD98 /* Debug */,
				CDA4C6C729B1F7830050BD98 /* Release */,
			);
			defaultConfigurationIsVisible = 0;
			defaultConfigurationName = Release;
		};
		CDA4C6C829B1F7830050BD98 /* Build configuration list for PBXNativeTarget "NetflixCloneSwiftUI" */ = {
			isa = XCConfigurationList;
			buildConfigurations = (
				CDA4C6C929B1F7830050BD98 /* Debug */,
				CDA4C6CA29B1F7830050BD98 /* Release */,
			);
			defaultConfigurationIsVisible = 0;
			defaultConfigurationName = Release;
		};
/* End XCConfigurationList section */

/* Begin XCRemoteSwiftPackageReference section */
		CDA4C6DD29B209660050BD98 /* XCRemoteSwiftPackageReference "Kingfisher" */ = {
			isa = XCRemoteSwiftPackageReference;
			repositoryURL = "https://github.com/onevcat/Kingfisher.git";
			requirement = {
				kind = upToNextMajorVersion;
				minimumVersion = 7.0.0;
			};
		};
/* End XCRemoteSwiftPackageReference section */

/* Begin XCSwiftPackageProductDependency section */
		CDA4C6DE29B209660050BD98 /* Kingfisher */ = {
			isa = XCSwiftPackageProductDependency;
			package = CDA4C6DD29B209660050BD98 /* XCRemoteSwiftPackageReference "Kingfisher" */;
			productName = Kingfisher;
		};
/* End XCSwiftPackageProductDependency section */
	};
	rootObject = CDA4C6B229B1F7810050BD98 /* Project object */;
}
